// !$*UTF8*$!
{
	archiveVersion = 1;
	classes = {
	};
	objectVersion = 56;
	objects = {

/* Begin PBXBuildFile section */
		EDB463FE2B045E0E00A87ECF /* ProotApp.swift in Sources */ = {isa = PBXBuildFile; fileRef = EDB463FD2B045E0E00A87ECF /* ProotApp.swift */; };
		EDB464002B045E0E00A87ECF /* ContentView.swift in Sources */ = {isa = PBXBuildFile; fileRef = EDB463FF2B045E0E00A87ECF /* ContentView.swift */; };
		EDB464022B045E1000A87ECF /* Assets.xcassets in Resources */ = {isa = PBXBuildFile; fileRef = EDB464012B045E1000A87ECF /* Assets.xcassets */; };
		EDB464062B045E1000A87ECF /* Preview Assets.xcassets in Resources */ = {isa = PBXBuildFile; fileRef = EDB464052B045E1000A87ECF /* Preview Assets.xcassets */; };
		EDB464102B045E1000A87ECF /* ProotTests.swift in Sources */ = {isa = PBXBuildFile; fileRef = EDB4640F2B045E1000A87ECF /* ProotTests.swift */; };
		EDB4641A2B045E1000A87ECF /* ProotUITests.swift in Sources */ = {isa = PBXBuildFile; fileRef = EDB464192B045E1000A87ECF /* ProotUITests.swift */; };
		EDB4641C2B045E1000A87ECF /* ProotUITestsLaunchTests.swift in Sources */ = {isa = PBXBuildFile; fileRef = EDB4641B2B045E1000A87ECF /* ProotUITestsLaunchTests.swift */; };
/* End PBXBuildFile section */

/* Begin PBXContainerItemProxy section */
		EDB4640C2B045E1000A87ECF /* PBXContainerItemProxy */ = {
			isa = PBXContainerItemProxy;
			containerPortal = EDB463F22B045E0E00A87ECF /* Project object */;
			proxyType = 1;
			remoteGlobalIDString = EDB463F92B045E0E00A87ECF;
			remoteInfo = Proot;
		};
		EDB464162B045E1000A87ECF /* PBXContainerItemProxy */ = {
			isa = PBXContainerItemProxy;
			containerPortal = EDB463F22B045E0E00A87ECF /* Project object */;
			proxyType = 1;
			remoteGlobalIDString = EDB463F92B045E0E00A87ECF;
			remoteInfo = Proot;
		};
/* End PBXContainerItemProxy section */

/* Begin PBXFileReference section */
		EDB463FA2B045E0E00A87ECF /* Proot.app */ = {isa = PBXFileReference; explicitFileType = wrapper.application; includeInIndex = 0; path = Proot.app; sourceTree = BUILT_PRODUCTS_DIR; };
		EDB463FD2B045E0E00A87ECF /* ProotApp.swift */ = {isa = PBXFileReference; lastKnownFileType = sourcecode.swift; path = ProotApp.swift; sourceTree = "<group>"; };
		EDB463FF2B045E0E00A87ECF /* ContentView.swift */ = {isa = PBXFileReference; lastKnownFileType = sourcecode.swift; path = ContentView.swift; sourceTree = "<group>"; };
		EDB464012B045E1000A87ECF /* Assets.xcassets */ = {isa = PBXFileReference; lastKnownFileType = folder.assetcatalog; path = Assets.xcassets; sourceTree = "<group>"; };
		EDB464032B045E1000A87ECF /* Proot.entitlements */ = {isa = PBXFileReference; lastKnownFileType = text.plist.entitlements; path = Proot.entitlements; sourceTree = "<group>"; };
		EDB464052B045E1000A87ECF /* Preview Assets.xcassets */ = {isa = PBXFileReference; lastKnownFileType = folder.assetcatalog; path = "Preview Assets.xcassets"; sourceTree = "<group>"; };
		EDB4640B2B045E1000A87ECF /* ProotTests.xctest */ = {isa = PBXFileReference; explicitFileType = wrapper.cfbundle; includeInIndex = 0; path = ProotTests.xctest; sourceTree = BUILT_PRODUCTS_DIR; };
		EDB4640F2B045E1000A87ECF /* ProotTests.swift */ = {isa = PBXFileReference; lastKnownFileType = sourcecode.swift; path = ProotTests.swift; sourceTree = "<group>"; };
		EDB464152B045E1000A87ECF /* ProotUITests.xctest */ = {isa = PBXFileReference; explicitFileType = wrapper.cfbundle; includeInIndex = 0; path = ProotUITests.xctest; sourceTree = BUILT_PRODUCTS_DIR; };
		EDB464192B045E1000A87ECF /* ProotUITests.swift */ = {isa = PBXFileReference; lastKnownFileType = sourcecode.swift; path = ProotUITests.swift; sourceTree = "<group>"; };
		EDB4641B2B045E1000A87ECF /* ProotUITestsLaunchTests.swift */ = {isa = PBXFileReference; lastKnownFileType = sourcecode.swift; path = ProotUITestsLaunchTests.swift; sourceTree = "<group>"; };
/* End PBXFileReference section */

/* Begin PBXFrameworksBuildPhase section */
		EDB463F72B045E0E00A87ECF /* Frameworks */ = {
			isa = PBXFrameworksBuildPhase;
			buildActionMask = 2147483647;
			files = (
			);
			runOnlyForDeploymentPostprocessing = 0;
		};
		EDB464082B045E1000A87ECF /* Frameworks */ = {
			isa = PBXFrameworksBuildPhase;
			buildActionMask = 2147483647;
			files = (
			);
			runOnlyForDeploymentPostprocessing = 0;
		};
		EDB464122B045E1000A87ECF /* Frameworks */ = {
			isa = PBXFrameworksBuildPhase;
			buildActionMask = 2147483647;
			files = (
			);
			runOnlyForDeploymentPostprocessing = 0;
		};
/* End PBXFrameworksBuildPhase section */

/* Begin PBXGroup section */
		EDB463F12B045E0E00A87ECF = {
			isa = PBXGroup;
			children = (
				EDB463FC2B045E0E00A87ECF /* Proot */,
				EDB4640E2B045E1000A87ECF /* ProotTests */,
				EDB464182B045E1000A87ECF /* ProotUITests */,
				EDB463FB2B045E0E00A87ECF /* Products */,
			);
			sourceTree = "<group>";
		};
		EDB463FB2B045E0E00A87ECF /* Products */ = {
			isa = PBXGroup;
			children = (
				EDB463FA2B045E0E00A87ECF /* Proot.app */,
				EDB4640B2B045E1000A87ECF /* ProotTests.xctest */,
				EDB464152B045E1000A87ECF /* ProotUITests.xctest */,
			);
			name = Products;
			sourceTree = "<group>";
		};
		EDB463FC2B045E0E00A87ECF /* Proot */ = {
			isa = PBXGroup;
			children = (
				EDB463FD2B045E0E00A87ECF /* ProotApp.swift */,
				EDB463FF2B045E0E00A87ECF /* ContentView.swift */,
				EDB464012B045E1000A87ECF /* Assets.xcassets */,
				EDB464032B045E1000A87ECF /* Proot.entitlements */,
				EDB464042B045E1000A87ECF /* Preview Content */,
			);
			path = Proot;
			sourceTree = "<group>";
		};
		EDB464042B045E1000A87ECF /* Preview Content */ = {
			isa = PBXGroup;
			children = (
				EDB464052B045E1000A87ECF /* Preview Assets.xcassets */,
			);
			path = "Preview Content";
			sourceTree = "<group>";
		};
		EDB4640E2B045E1000A87ECF /* ProotTests */ = {
			isa = PBXGroup;
			children = (
				EDB4640F2B045E1000A87ECF /* ProotTests.swift */,
			);
			path = ProotTests;
			sourceTree = "<group>";
		};
		EDB464182B045E1000A87ECF /* ProotUITests */ = {
			isa = PBXGroup;
			children = (
				EDB464192B045E1000A87ECF /* ProotUITests.swift */,
				EDB4641B2B045E1000A87ECF /* ProotUITestsLaunchTests.swift */,
			);
			path = ProotUITests;
			sourceTree = "<group>";
		};
/* End PBXGroup section */

/* Begin PBXNativeTarget section */
		EDB463F92B045E0E00A87ECF /* Proot */ = {
			isa = PBXNativeTarget;
			buildConfigurationList = EDB4641F2B045E1000A87ECF /* Build configuration list for PBXNativeTarget "Proot" */;
			buildPhases = (
				EDB463F62B045E0E00A87ECF /* Sources */,
				EDB463F72B045E0E00A87ECF /* Frameworks */,
				EDB463F82B045E0E00A87ECF /* Resources */,
			);
			buildRules = (
			);
			dependencies = (
			);
			name = Proot;
			productName = Proot;
			productReference = EDB463FA2B045E0E00A87ECF /* Proot.app */;
			productType = "com.apple.product-type.application";
		};
		EDB4640A2B045E1000A87ECF /* ProotTests */ = {
			isa = PBXNativeTarget;
			buildConfigurationList = EDB464222B045E1000A87ECF /* Build configuration list for PBXNativeTarget "ProotTests" */;
			buildPhases = (
				EDB464072B045E1000A87ECF /* Sources */,
				EDB464082B045E1000A87ECF /* Frameworks */,
				EDB464092B045E1000A87ECF /* Resources */,
			);
			buildRules = (
			);
			dependencies = (
				EDB4640D2B045E1000A87ECF /* PBXTargetDependency */,
			);
			name = ProotTests;
			productName = ProotTests;
			productReference = EDB4640B2B045E1000A87ECF /* ProotTests.xctest */;
			productType = "com.apple.product-type.bundle.unit-test";
		};
		EDB464142B045E1000A87ECF /* ProotUITests */ = {
			isa = PBXNativeTarget;
			buildConfigurationList = EDB464252B045E1000A87ECF /* Build configuration list for PBXNativeTarget "ProotUITests" */;
			buildPhases = (
				EDB464112B045E1000A87ECF /* Sources */,
				EDB464122B045E1000A87ECF /* Frameworks */,
				EDB464132B045E1000A87ECF /* Resources */,
			);
			buildRules = (
			);
			dependencies = (
				EDB464172B045E1000A87ECF /* PBXTargetDependency */,
			);
			name = ProotUITests;
			productName = ProotUITests;
			productReference = EDB464152B045E1000A87ECF /* ProotUITests.xctest */;
			productType = "com.apple.product-type.bundle.ui-testing";
		};
/* End PBXNativeTarget section */

/* Begin PBXProject section */
		EDB463F22B045E0E00A87ECF /* Project object */ = {
			isa = PBXProject;
			attributes = {
				BuildIndependentTargetsInParallel = 1;
				LastSwiftUpdateCheck = 1500;
				LastUpgradeCheck = 1500;
				TargetAttributes = {
					EDB463F92B045E0E00A87ECF = {
						CreatedOnToolsVersion = 15.0.1;
					};
					EDB4640A2B045E1000A87ECF = {
						CreatedOnToolsVersion = 15.0.1;
						TestTargetID = EDB463F92B045E0E00A87ECF;
					};
					EDB464142B045E1000A87ECF = {
						CreatedOnToolsVersion = 15.0.1;
						TestTargetID = EDB463F92B045E0E00A87ECF;
					};
				};
			};
			buildConfigurationList = EDB463F52B045E0E00A87ECF /* Build configuration list for PBXProject "Proot" */;
			compatibilityVersion = "Xcode 14.0";
			developmentRegion = en;
			hasScannedForEncodings = 0;
			knownRegions = (
				en,
				Base,
			);
			mainGroup = EDB463F12B045E0E00A87ECF;
			productRefGroup = EDB463FB2B045E0E00A87ECF /* Products */;
			projectDirPath = "";
			projectRoot = "";
			targets = (
				EDB463F92B045E0E00A87ECF /* Proot */,
				EDB4640A2B045E1000A87ECF /* ProotTests */,
				EDB464142B045E1000A87ECF /* ProotUITests */,
			);
		};
/* End PBXProject section */

/* Begin PBXResourcesBuildPhase section */
		EDB463F82B045E0E00A87ECF /* Resources */ = {
			isa = PBXResourcesBuildPhase;
			buildActionMask = 2147483647;
			files = (
				EDB464062B045E1000A87ECF /* Preview Assets.xcassets in Resources */,
				EDB464022B045E1000A87ECF /* Assets.xcassets in Resources */,
			);
			runOnlyForDeploymentPostprocessing = 0;
		};
		EDB464092B045E1000A87ECF /* Resources */ = {
			isa = PBXResourcesBuildPhase;
			buildActionMask = 2147483647;
			files = (
			);
			runOnlyForDeploymentPostprocessing = 0;
		};
		EDB464132B045E1000A87ECF /* Resources */ = {
			isa = PBXResourcesBuildPhase;
			buildActionMask = 2147483647;
			files = (
			);
			runOnlyForDeploymentPostprocessing = 0;
		};
/* End PBXResourcesBuildPhase section */

/* Begin PBXSourcesBuildPhase section */
		EDB463F62B045E0E00A87ECF /* Sources */ = {
			isa = PBXSourcesBuildPhase;
			buildActionMask = 2147483647;
			files = (
				EDB464002B045E0E00A87ECF /* ContentView.swift in Sources */,
				EDB463FE2B045E0E00A87ECF /* ProotApp.swift in Sources */,
			);
			runOnlyForDeploymentPostprocessing = 0;
		};
		EDB464072B045E1000A87ECF /* Sources */ = {
			isa = PBXSourcesBuildPhase;
			buildActionMask = 2147483647;
			files = (
				EDB464102B045E1000A87ECF /* ProotTests.swift in Sources */,
			);
			runOnlyForDeploymentPostprocessing = 0;
		};
		EDB464112B045E1000A87ECF /* Sources */ = {
			isa = PBXSourcesBuildPhase;
			buildActionMask = 2147483647;
			files = (
				EDB4641A2B045E1000A87ECF /* ProotUITests.swift in Sources */,
				EDB4641C2B045E1000A87ECF /* ProotUITestsLaunchTests.swift in Sources */,
			);
			runOnlyForDeploymentPostprocessing = 0;
		};
/* End PBXSourcesBuildPhase section */

/* Begin PBXTargetDependency section */
		EDB4640D2B045E1000A87ECF /* PBXTargetDependency */ = {
			isa = PBXTargetDependency;
			target = EDB463F92B045E0E00A87ECF /* Proot */;
			targetProxy = EDB4640C2B045E1000A87ECF /* PBXContainerItemProxy */;
		};
		EDB464172B045E1000A87ECF /* PBXTargetDependency */ = {
			isa = PBXTargetDependency;
			target = EDB463F92B045E0E00A87ECF /* Proot */;
			targetProxy = EDB464162B045E1000A87ECF /* PBXContainerItemProxy */;
		};
/* End PBXTargetDependency section */

/* Begin XCBuildConfiguration section */
		EDB4641D2B045E1000A87ECF /* Debug */ = {
			isa = XCBuildConfiguration;
			buildSettings = {
				ALWAYS_SEARCH_USER_PATHS = NO;
				ASSETCATALOG_COMPILER_GENERATE_SWIFT_ASSET_SYMBOL_EXTENSIONS = YES;
				CLANG_ANALYZER_NONNULL = YES;
				CLANG_ANALYZER_NUMBER_OBJECT_CONVERSION = YES_AGGRESSIVE;
				CLANG_CXX_LANGUAGE_STANDARD = "gnu++20";
				CLANG_ENABLE_MODULES = YES;
				CLANG_ENABLE_OBJC_ARC = YES;
				CLANG_ENABLE_OBJC_WEAK = YES;
				CLANG_WARN_BLOCK_CAPTURE_AUTORELEASING = YES;
				CLANG_WARN_BOOL_CONVERSION = YES;
				CLANG_WARN_COMMA = YES;
				CLANG_WARN_CONSTANT_CONVERSION = YES;
				CLANG_WARN_DEPRECATED_OBJC_IMPLEMENTATIONS = YES;
				CLANG_WARN_DIRECT_OBJC_ISA_USAGE = YES_ERROR;
				CLANG_WARN_DOCUMENTATION_COMMENTS = YES;
				CLANG_WARN_EMPTY_BODY = YES;
				CLANG_WARN_ENUM_CONVERSION = YES;
				CLANG_WARN_INFINITE_RECURSION = YES;
				CLANG_WARN_INT_CONVERSION = YES;
				CLANG_WARN_NON_LITERAL_NULL_CONVERSION = YES;
				CLANG_WARN_OBJC_IMPLICIT_RETAIN_SELF = YES;
				CLANG_WARN_OBJC_LITERAL_CONVERSION = YES;
				CLANG_WARN_OBJC_ROOT_CLASS = YES_ERROR;
				CLANG_WARN_QUOTED_INCLUDE_IN_FRAMEWORK_HEADER = YES;
				CLANG_WARN_RANGE_LOOP_ANALYSIS = YES;
				CLANG_WARN_STRICT_PROTOTYPES = YES;
				CLANG_WARN_SUSPICIOUS_MOVE = YES;
				CLANG_WARN_UNGUARDED_AVAILABILITY = YES_AGGRESSIVE;
				CLANG_WARN_UNREACHABLE_CODE = YES;
				CLANG_WARN__DUPLICATE_METHOD_MATCH = YES;
				COPY_PHASE_STRIP = NO;
				DEBUG_INFORMATION_FORMAT = dwarf;
				ENABLE_STRICT_OBJC_MSGSEND = YES;
				ENABLE_TESTABILITY = YES;
				ENABLE_USER_SCRIPT_SANDBOXING = YES;
				GCC_C_LANGUAGE_STANDARD = gnu17;
				GCC_DYNAMIC_NO_PIC = NO;
				GCC_NO_COMMON_BLOCKS = YES;
				GCC_OPTIMIZATION_LEVEL = 0;
				GCC_PREPROCESSOR_DEFINITIONS = (
					"DEBUG=1",
					"$(inherited)",
				);
				GCC_WARN_64_TO_32_BIT_CONVERSION = YES;
				GCC_WARN_ABOUT_RETURN_TYPE = YES_ERROR;
				GCC_WARN_UNDECLARED_SELECTOR = YES;
				GCC_WARN_UNINITIALIZED_AUTOS = YES_AGGRESSIVE;
				GCC_WARN_UNUSED_FUNCTION = YES;
				GCC_WARN_UNUSED_VARIABLE = YES;
				LOCALIZATION_PREFERS_STRING_CATALOGS = YES;
				MTL_ENABLE_DEBUG_INFO = INCLUDE_SOURCE;
				MTL_FAST_MATH = YES;
				ONLY_ACTIVE_ARCH = YES;
				SWIFT_ACTIVE_COMPILATION_CONDITIONS = "DEBUG $(inherited)";
				SWIFT_OPTIMIZATION_LEVEL = "-Onone";
			};
			name = Debug;
		};
		EDB4641E2B045E1000A87ECF /* Release */ = {
			isa = XCBuildConfiguration;
			buildSettings = {
				ALWAYS_SEARCH_USER_PATHS = NO;
				ASSETCATALOG_COMPILER_GENERATE_SWIFT_ASSET_SYMBOL_EXTENSIONS = YES;
				CLANG_ANALYZER_NONNULL = YES;
				CLANG_ANALYZER_NUMBER_OBJECT_CONVERSION = YES_AGGRESSIVE;
				CLANG_CXX_LANGUAGE_STANDARD = "gnu++20";
				CLANG_ENABLE_MODULES = YES;
				CLANG_ENABLE_OBJC_ARC = YES;
				CLANG_ENABLE_OBJC_WEAK = YES;
				CLANG_WARN_BLOCK_CAPTURE_AUTORELEASING = YES;
				CLANG_WARN_BOOL_CONVERSION = YES;
				CLANG_WARN_COMMA = YES;
				CLANG_WARN_CONSTANT_CONVERSION = YES;
				CLANG_WARN_DEPRECATED_OBJC_IMPLEMENTATIONS = YES;
				CLANG_WARN_DIRECT_OBJC_ISA_USAGE = YES_ERROR;
				CLANG_WARN_DOCUMENTATION_COMMENTS = YES;
				CLANG_WARN_EMPTY_BODY = YES;
				CLANG_WARN_ENUM_CONVERSION = YES;
				CLANG_WARN_INFINITE_RECURSION = YES;
				CLANG_WARN_INT_CONVERSION = YES;
				CLANG_WARN_NON_LITERAL_NULL_CONVERSION = YES;
				CLANG_WARN_OBJC_IMPLICIT_RETAIN_SELF = YES;
				CLANG_WARN_OBJC_LITERAL_CONVERSION = YES;
				CLANG_WARN_OBJC_ROOT_CLASS = YES_ERROR;
				CLANG_WARN_QUOTED_INCLUDE_IN_FRAMEWORK_HEADER = YES;
				CLANG_WARN_RANGE_LOOP_ANALYSIS = YES;
				CLANG_WARN_STRICT_PROTOTYPES = YES;
				CLANG_WARN_SUSPICIOUS_MOVE = YES;
				CLANG_WARN_UNGUARDED_AVAILABILITY = YES_AGGRESSIVE;
				CLANG_WARN_UNREACHABLE_CODE = YES;
				CLANG_WARN__DUPLICATE_METHOD_MATCH = YES;
				COPY_PHASE_STRIP = NO;
				DEBUG_INFORMATION_FORMAT = "dwarf-with-dsym";
				ENABLE_NS_ASSERTIONS = NO;
				ENABLE_STRICT_OBJC_MSGSEND = YES;
				ENABLE_USER_SCRIPT_SANDBOXING = YES;
				GCC_C_LANGUAGE_STANDARD = gnu17;
				GCC_NO_COMMON_BLOCKS = YES;
				GCC_WARN_64_TO_32_BIT_CONVERSION = YES;
				GCC_WARN_ABOUT_RETURN_TYPE = YES_ERROR;
				GCC_WARN_UNDECLARED_SELECTOR = YES;
				GCC_WARN_UNINITIALIZED_AUTOS = YES_AGGRESSIVE;
				GCC_WARN_UNUSED_FUNCTION = YES;
				GCC_WARN_UNUSED_VARIABLE = YES;
				LOCALIZATION_PREFERS_STRING_CATALOGS = YES;
				MTL_ENABLE_DEBUG_INFO = NO;
				MTL_FAST_MATH = YES;
				SWIFT_COMPILATION_MODE = wholemodule;
			};
			name = Release;
		};
		EDB464202B045E1000A87ECF /* Debug */ = {
			isa = XCBuildConfiguration;
			buildSettings = {
				ASSETCATALOG_COMPILER_APPICON_NAME = AppIcon;
				ASSETCATALOG_COMPILER_GLOBAL_ACCENT_COLOR_NAME = AccentColor;
				CODE_SIGN_ENTITLEMENTS = Proot/Proot.entitlements;
				CODE_SIGN_STYLE = Automatic;
				CURRENT_PROJECT_VERSION = 1;
				DEVELOPMENT_ASSET_PATHS = "\"Proot/Preview Content\"";
				DEVELOPMENT_TEAM = Y59SLS4QLN;
				ENABLE_HARDENED_RUNTIME = YES;
				ENABLE_PREVIEWS = YES;
				GENERATE_INFOPLIST_FILE = YES;
				"INFOPLIST_KEY_UIApplicationSceneManifest_Generation[sdk=iphoneos*]" = YES;
				"INFOPLIST_KEY_UIApplicationSceneManifest_Generation[sdk=iphonesimulator*]" = YES;
				"INFOPLIST_KEY_UIApplicationSupportsIndirectInputEvents[sdk=iphoneos*]" = YES;
				"INFOPLIST_KEY_UIApplicationSupportsIndirectInputEvents[sdk=iphonesimulator*]" = YES;
				"INFOPLIST_KEY_UILaunchScreen_Generation[sdk=iphoneos*]" = YES;
				"INFOPLIST_KEY_UILaunchScreen_Generation[sdk=iphonesimulator*]" = YES;
				"INFOPLIST_KEY_UIStatusBarStyle[sdk=iphoneos*]" = UIStatusBarStyleDefault;
				"INFOPLIST_KEY_UIStatusBarStyle[sdk=iphonesimulator*]" = UIStatusBarStyleDefault;
				INFOPLIST_KEY_UISupportedInterfaceOrientations_iPad = "UIInterfaceOrientationPortrait UIInterfaceOrientationPortraitUpsideDown UIInterfaceOrientationLandscapeLeft UIInterfaceOrientationLandscapeRight";
				INFOPLIST_KEY_UISupportedInterfaceOrientations_iPhone = "UIInterfaceOrientationPortrait UIInterfaceOrientationLandscapeLeft UIInterfaceOrientationLandscapeRight";
				IPHONEOS_DEPLOYMENT_TARGET = 17.0;
				LD_RUNPATH_SEARCH_PATHS = "@executable_path/Frameworks";
				"LD_RUNPATH_SEARCH_PATHS[sdk=macosx*]" = "@executable_path/../Frameworks";
				MACOSX_DEPLOYMENT_TARGET = 14.0;
				MARKETING_VERSION = 1.0;
				PRODUCT_BUNDLE_IDENTIFIER = com.stozi.Proot;
				PRODUCT_NAME = "$(TARGET_NAME)";
				SDKROOT = auto;
				SUPPORTED_PLATFORMS = "iphoneos iphonesimulator macosx";
				SWIFT_EMIT_LOC_STRINGS = YES;
				SWIFT_VERSION = 5.0;
				TARGETED_DEVICE_FAMILY = "1,2";
			};
			name = Debug;
		};
		EDB464212B045E1000A87ECF /* Release */ = {
			isa = XCBuildConfiguration;
			buildSettings = {
				ASSETCATALOG_COMPILER_APPICON_NAME = AppIcon;
				ASSETCATALOG_COMPILER_GLOBAL_ACCENT_COLOR_NAME = AccentColor;
				CODE_SIGN_ENTITLEMENTS = Proot/Proot.entitlements;
				CODE_SIGN_STYLE = Automatic;
				CURRENT_PROJECT_VERSION = 1;
				DEVELOPMENT_ASSET_PATHS = "\"Proot/Preview Content\"";
				DEVELOPMENT_TEAM = Y59SLS4QLN;
				ENABLE_HARDENED_RUNTIME = YES;
				ENABLE_PREVIEWS = YES;
				GENERATE_INFOPLIST_FILE = YES;
				"INFOPLIST_KEY_UIApplicationSceneManifest_Generation[sdk=iphoneos*]" = YES;
				"INFOPLIST_KEY_UIApplicationSceneManifest_Generation[sdk=iphonesimulator*]" = YES;
				"INFOPLIST_KEY_UIApplicationSupportsIndirectInputEvents[sdk=iphoneos*]" = YES;
				"INFOPLIST_KEY_UIApplicationSupportsIndirectInputEvents[sdk=iphonesimulator*]" = YES;
				"INFOPLIST_KEY_UILaunchScreen_Generation[sdk=iphoneos*]" = YES;
				"INFOPLIST_KEY_UILaunchScreen_Generation[sdk=iphonesimulator*]" = YES;
				"INFOPLIST_KEY_UIStatusBarStyle[sdk=iphoneos*]" = UIStatusBarStyleDefault;
				"INFOPLIST_KEY_UIStatusBarStyle[sdk=iphonesimulator*]" = UIStatusBarStyleDefault;
				INFOPLIST_KEY_UISupportedInterfaceOrientations_iPad = "UIInterfaceOrientationPortrait UIInterfaceOrientationPortraitUpsideDown UIInterfaceOrientationLandscapeLeft UIInterfaceOrientationLandscapeRight";
				INFOPLIST_KEY_UISupportedInterfaceOrientations_iPhone = "UIInterfaceOrientationPortrait UIInterfaceOrientationLandscapeLeft UIInterfaceOrientationLandscapeRight";
				IPHONEOS_DEPLOYMENT_TARGET = 17.0;
				LD_RUNPATH_SEARCH_PATHS = "@executable_path/Frameworks";
				"LD_RUNPATH_SEARCH_PATHS[sdk=macosx*]" = "@executable_path/../Frameworks";
				MACOSX_DEPLOYMENT_TARGET = 14.0;
				MARKETING_VERSION = 1.0;
				PRODUCT_BUNDLE_IDENTIFIER = com.stozi.Proot;
				PRODUCT_NAME = "$(TARGET_NAME)";
				SDKROOT = auto;
				SUPPORTED_PLATFORMS = "iphoneos iphonesimulator macosx";
				SWIFT_EMIT_LOC_STRINGS = YES;
				SWIFT_VERSION = 5.0;
				TARGETED_DEVICE_FAMILY = "1,2";
			};
			name = Release;
		};
		EDB464232B045E1000A87ECF /* Debug */ = {
			isa = XCBuildConfiguration;
			buildSettings = {
				ALWAYS_EMBED_SWIFT_STANDARD_LIBRARIES = YES;
				BUNDLE_LOADER = "$(TEST_HOST)";
				CODE_SIGN_STYLE = Automatic;
				CURRENT_PROJECT_VERSION = 1;
				DEVELOPMENT_TEAM = Y59SLS4QLN;
				GENERATE_INFOPLIST_FILE = YES;
				IPHONEOS_DEPLOYMENT_TARGET = 17.0;
				MACOSX_DEPLOYMENT_TARGET = 14.0;
				MARKETING_VERSION = 1.0;
				PRODUCT_BUNDLE_IDENTIFIER = com.stozi.ProotTests;
				PRODUCT_NAME = "$(TARGET_NAME)";
				SDKROOT = auto;
				SUPPORTED_PLATFORMS = "iphoneos iphonesimulator macosx";
				SWIFT_EMIT_LOC_STRINGS = NO;
				SWIFT_VERSION = 5.0;
				TARGETED_DEVICE_FAMILY = "1,2";
				TEST_HOST = "$(BUILT_PRODUCTS_DIR)/Proot.app/$(BUNDLE_EXECUTABLE_FOLDER_PATH)/Proot";
			};
			name = Debug;
		};
		EDB464242B045E1000A87ECF /* Release */ = {
			isa = XCBuildConfiguration;
			buildSettings = {
				ALWAYS_EMBED_SWIFT_STANDARD_LIBRARIES = YES;
				BUNDLE_LOADER = "$(TEST_HOST)";
				CODE_SIGN_STYLE = Automatic;
				CURRENT_PROJECT_VERSION = 1;
				DEVELOPMENT_TEAM = Y59SLS4QLN;
				GENERATE_INFOPLIST_FILE = YES;
				IPHONEOS_DEPLOYMENT_TARGET = 17.0;
				MACOSX_DEPLOYMENT_TARGET = 14.0;
				MARKETING_VERSION = 1.0;
				PRODUCT_BUNDLE_IDENTIFIER = com.stozi.ProotTests;
				PRODUCT_NAME = "$(TARGET_NAME)";
				SDKROOT = auto;
				SUPPORTED_PLATFORMS = "iphoneos iphonesimulator macosx";
				SWIFT_EMIT_LOC_STRINGS = NO;
				SWIFT_VERSION = 5.0;
				TARGETED_DEVICE_FAMILY = "1,2";
				TEST_HOST = "$(BUILT_PRODUCTS_DIR)/Proot.app/$(BUNDLE_EXECUTABLE_FOLDER_PATH)/Proot";
			};
			name = Release;
		};
		EDB464262B045E1000A87ECF /* Debug */ = {
			isa = XCBuildConfiguration;
			buildSettings = {
				ALWAYS_EMBED_SWIFT_STANDARD_LIBRARIES = YES;
				CODE_SIGN_STYLE = Automatic;
				CURRENT_PROJECT_VERSION = 1;
				DEVELOPMENT_TEAM = Y59SLS4QLN;
				GENERATE_INFOPLIST_FILE = YES;
				IPHONEOS_DEPLOYMENT_TARGET = 17.0;
				MACOSX_DEPLOYMENT_TARGET = 14.0;
				MARKETING_VERSION = 1.0;
				PRODUCT_BUNDLE_IDENTIFIER = com.stozi.ProotUITests;
				PRODUCT_NAME = "$(TARGET_NAME)";
				SDKROOT = auto;
				SUPPORTED_PLATFORMS = "iphoneos iphonesimulator macosx";
				SWIFT_EMIT_LOC_STRINGS = NO;
				SWIFT_VERSION = 5.0;
				TARGETED_DEVICE_FAMILY = "1,2";
				TEST_TARGET_NAME = Proot;
			};
			name = Debug;
		};
		EDB464272B045E1000A87ECF /* Release */ = {
			isa = XCBuildConfiguration;
			buildSettings = {
				ALWAYS_EMBED_SWIFT_STANDARD_LIBRARIES = YES;
				CODE_SIGN_STYLE = Automatic;
				CURRENT_PROJECT_VERSION = 1;
				DEVELOPMENT_TEAM = Y59SLS4QLN;
				GENERATE_INFOPLIST_FILE = YES;
				IPHONEOS_DEPLOYMENT_TARGET = 17.0;
				MACOSX_DEPLOYMENT_TARGET = 14.0;
				MARKETING_VERSION = 1.0;
				PRODUCT_BUNDLE_IDENTIFIER = com.stozi.ProotUITests;
				PRODUCT_NAME = "$(TARGET_NAME)";
				SDKROOT = auto;
				SUPPORTED_PLATFORMS = "iphoneos iphonesimulator macosx";
				SWIFT_EMIT_LOC_STRINGS = NO;
				SWIFT_VERSION = 5.0;
				TARGETED_DEVICE_FAMILY = "1,2";
				TEST_TARGET_NAME = Proot;
			};
			name = Release;
		};
/* End XCBuildConfiguration section */

/* Begin XCConfigurationList section */
		EDB463F52B045E0E00A87ECF /* Build configuration list for PBXProject "Proot" */ = {
			isa = XCConfigurationList;
			buildConfigurations = (
				EDB4641D2B045E1000A87ECF /* Debug */,
				EDB4641E2B045E1000A87ECF /* Release */,
			);
			defaultConfigurationIsVisible = 0;
			defaultConfigurationName = Release;
		};
		EDB4641F2B045E1000A87ECF /* Build configuration list for PBXNativeTarget "Proot" */ = {
			isa = XCConfigurationList;
			buildConfigurations = (
				EDB464202B045E1000A87ECF /* Debug */,
				EDB464212B045E1000A87ECF /* Release */,
			);
			defaultConfigurationIsVisible = 0;
			defaultConfigurationName = Release;
		};
		EDB464222B045E1000A87ECF /* Build configuration list for PBXNativeTarget "ProotTests" */ = {
			isa = XCConfigurationList;
			buildConfigurations = (
				EDB464232B045E1000A87ECF /* Debug */,
				EDB464242B045E1000A87ECF /* Release */,
			);
			defaultConfigurationIsVisible = 0;
			defaultConfigurationName = Release;
		};
		EDB464252B045E1000A87ECF /* Build configuration list for PBXNativeTarget "ProotUITests" */ = {
			isa = XCConfigurationList;
			buildConfigurations = (
				EDB464262B045E1000A87ECF /* Debug */,
				EDB464272B045E1000A87ECF /* Release */,
			);
			defaultConfigurationIsVisible = 0;
			defaultConfigurationName = Release;
		};
/* End XCConfigurationList section */
	};
	rootObject = EDB463F22B045E0E00A87ECF /* Project object */;
}
